
Microsoft Visual Studio Solution File, Format Version 12.00
# Visual Studio Version 17
VisualStudioVersion = 17.5.33530.505
MinimumVisualStudioVersion = 10.0.40219.1
Project("{FAE04EC0-301F-11D3-BF4B-00C04F79EFBC}") = "MCMicroservice", "MCMicroservice\MCMicroservice.csproj", "{1AC02367-7181-4631-8474-57F10B090D58}"
EndProject
Global
	GlobalSection(SolutionConfigurationPlatforms) = preSolution
		Debug|Any CPU = Debug|Any CPU
		Release|Any CPU = Release|Any CPU
	EndGlobalSection
	GlobalSection(ProjectConfigurationPlatforms) = postSolution
		{1AC02367-7181-4631-8474-57F10B090D58}.Debug|Any CPU.ActiveCfg = Debug|Any CPU
		{1AC02367-7181-4631-8474-57F10B090D58}.Debug|Any CPU.Build.0 = Debug|Any CPU
		{1AC02367-7181-4631-8474-57F10B090D58}.Release|Any CPU.ActiveCfg = Release|Any CPU
		{1AC02367-7181-4631-8474-57F10B090D58}.Release|Any CPU.Build.0 = Release|Any CPU
	EndGlobalSection
	GlobalSection(SolutionProperties) = preSolution
		HideSolutionNode = FALSE
	EndGlobalSection
	GlobalSection(ExtensibilityGlobals) = postSolution
		SolutionGuid = {5E6DA96D-E2F2-4956-9582-BC38589B92E0}
	EndGlobalSection
EndGlobal
